
Microsoft Visual Studio Solution File, Format Version 12.00
# Visual Studio Version 17
VisualStudioVersion = 17.9.34728.123
MinimumVisualStudioVersion = 10.0.40219.1
Project("{FAE04EC0-301F-11D3-BF4B-00C04F79EFBC}") = "prov 3", "prov 3\prov 3.csproj", "{3A9DC06A-2E60-46DF-B042-3F52FC61B0C9}"
EndProject
Global
	GlobalSection(SolutionConfigurationPlatforms) = preSolution
		Debug|Any CPU = Debug|Any CPU
		Release|Any CPU = Release|Any CPU
	EndGlobalSection
	GlobalSection(ProjectConfigurationPlatforms) = postSolution
		{3A9DC06A-2E60-46DF-B042-3F52FC61B0C9}.Debug|Any CPU.ActiveCfg = Debug|Any CPU
		{3A9DC06A-2E60-46DF-B042-3F52FC61B0C9}.Debug|Any CPU.Build.0 = Debug|Any CPU
		{3A9DC06A-2E60-46DF-B042-3F52FC61B0C9}.Release|Any CPU.ActiveCfg = Release|Any CPU
		{3A9DC06A-2E60-46DF-B042-3F52FC61B0C9}.Release|Any CPU.Build.0 = Release|Any CPU
	EndGlobalSection
	GlobalSection(SolutionProperties) = preSolution
		HideSolutionNode = FALSE
	EndGlobalSection
	GlobalSection(ExtensibilityGlobals) = postSolution
		SolutionGuid = {382E14DF-60B9-446A-AF07-C545EADB3E5B}
	EndGlobalSection
EndGlobal
